<?xml version="1.0" encoding="utf-8"?>
<Project ToolsVersion="4.0" xmlns="http://schemas.microsoft.com/developer/msbuild/2003">
  <ItemGroup>
    <Filter Include="Source Files">
      <UniqueIdentifier>{4FC737F1-C7A5-4376-A066-2A32D752A2FF}</UniqueIdentifier>
      <Extensions>cpp;c;cc;cxx;def;odl;idl;hpj;bat;asm;asmx</Extensions>
    </Filter>
    <Filter Include="Header Files">
      <UniqueIdentifier>{93995380-89BD-4b04-88EB-625FBE52EBFB}</UniqueIdentifier>
      <Extensions>h;hh;hpp;hxx;hm;inl;inc;xsd</Extensions>
    </Filter>
    <Filter Include="Resource Files">
      <UniqueIdentifier>{67DA6AB6-F800-4c08-8B7A-83BB121AAD01}</UniqueIdentifier>
      <Extensions>rc;ico;cur;bmp;dlg;rc2;rct;bin;rgs;gif;jpg;jpeg;jpe;resx;tiff;tif;png;wav;mfcribbon-ms</Extensions>
    </Filter>
    <Filter Include="Source Files\Users">
      <UniqueIdentifier>{d7b0ac54-4798-42b9-a0d3-e9cf2d0f280b}</UniqueIdentifier>
    </Filter>
    <Filter Include="Source Files\Logger">
      <UniqueIdentifier>{5a5b0a1b-2f42-4ece-ab5a-de341927a247}</UniqueIdentifier>
    </Filter>
    <Filter Include="Source Files\Sensors">
      <UniqueIdentifier>{c97d5734-7a3f-486f-b177-db6068767b35}</UniqueIdentifier>
    </Filter>
    <Filter Include="Source Files\Security">
      <UniqueIdentifier>{31726d6d-fa34-4109-a4a3-d2871d7a914c}</UniqueIdentifier>
    </Filter>
  </ItemGroup>
  <ItemGroup>
    <ClCompile Include="Device.cpp">
      <Filter>Source Files</Filter>
    </ClCompile>
    <ClCompile Include="main.cpp">
      <Filter>Source Files</Filter>
    </ClCompile>
    <ClCompile Include="Admin.cpp">
      <Filter>Source Files\Users</Filter>
    </ClCompile>
    <ClCompile Include="Assistant.cpp">
      <Filter>Source Files\Users</Filter>
    </ClCompile>
    <ClCompile Include="BinFileLogger.cpp">
      <Filter>Source Files\Logger</Filter>
    </ClCompile>
    <ClCompile Include="LoggerDecorator.cpp">
      <Filter>Source Files\Logger</Filter>
    </ClCompile>
    <ClCompile Include="LoggerFactory.cpp">
      <Filter>Source Files\Logger</Filter>
    </ClCompile>
    <ClCompile Include="Manager.cpp">
      <Filter>Source Files\Users</Filter>
    </ClCompile>
    <ClCompile Include="PessureSensorBuilder.cpp">
      <Filter>Source Files\Sensors</Filter>
    </ClCompile>
    <ClCompile Include="PressureSensor.cpp">
      <Filter>Source Files\Sensors</Filter>
    </ClCompile>
    <ClCompile Include="UserRights.cpp">
      <Filter>Source Files\Users</Filter>
    </ClCompile>
    <ClCompile Include="Users.cpp">
      <Filter>Source Files\Users</Filter>
    </ClCompile>
    <ClCompile Include="Sensor.cpp">
      <Filter>Source Files\Sensors</Filter>
    </ClCompile>
    <ClCompile Include="WindSpeedSensor.cpp">
      <Filter>Source Files\Sensors</Filter>
    </ClCompile>
    <ClCompile Include="WindSpeedSensorBuilder.cpp">
      <Filter>Source Files\Sensors</Filter>
    </ClCompile>
    <ClCompile Include="TxtFileLogger.cpp">
      <Filter>Source Files\Logger</Filter>
    </ClCompile>
    <ClCompile Include="TemperatureSensor.cpp">
      <Filter>Source Files\Sensors</Filter>
    </ClCompile>
    <ClCompile Include="TemperatureSensorBuilder.cpp">
      <Filter>Source Files\Sensors</Filter>
    </ClCompile>
    <ClCompile Include="OverFlowChecker.cpp">
      <Filter>Source Files\Security</Filter>
    </ClCompile>
    <ClCompile Include="SecureInput.cpp">
      <Filter>Source Files\Security</Filter>
    </ClCompile>
  </ItemGroup>
  <ItemGroup>
    <ClInclude Include="Device.h">
      <Filter>Source Files</Filter>
    </ClInclude>
    <ClInclude Include="Admin.h">
      <Filter>Source Files\Users</Filter>
    </ClInclude>
    <ClInclude Include="Assistant.h">
      <Filter>Source Files\Users</Filter>
    </ClInclude>
    <ClInclude Include="BinFileLogger.h">
      <Filter>Source Files\Logger</Filter>
    </ClInclude>
    <ClInclude Include="Logger.h">
      <Filter>Source Files\Logger</Filter>
    </ClInclude>
    <ClInclude Include="LoggerDecorator.h">
      <Filter>Source Files\Logger</Filter>
    </ClInclude>
    <ClInclude Include="LoggerFactory.h">
      <Filter>Source Files\Logger</Filter>
    </ClInclude>
    <ClInclude Include="Manager.h">
      <Filter>Source Files\Users</Filter>
    </ClInclude>
    <ClInclude Include="PressureSensor.h">
      <Filter>Source Files\Sensors</Filter>
    </ClInclude>
    <ClInclude Include="PressureSensorBuilder.h">
      <Filter>Source Files\Sensors</Filter>
    </ClInclude>
    <ClInclude Include="UserRights.h">
      <Filter>Source Files\Users</Filter>
    </ClInclude>
    <ClInclude Include="Users.h">
      <Filter>Source Files\Users</Filter>
    </ClInclude>
    <ClInclude Include="Sensor.h">
      <Filter>Source Files\Sensors</Filter>
    </ClInclude>
    <ClInclude Include="WindSpeedSensorBuilder.h">
      <Filter>Source Files\Sensors</Filter>
    </ClInclude>
    <ClInclude Include="WindSpeedSensor.h">
      <Filter>Source Files\Sensors</Filter>
    </ClInclude>
    <ClInclude Include="TxtFileLogger.h">
      <Filter>Source Files\Logger</Filter>
    </ClInclude>
    <ClInclude Include="TemperatureSensorBuilder.h">
      <Filter>Source Files\Sensors</Filter>
    </ClInclude>
    <ClInclude Include="TemperatureSensor.h">
      <Filter>Source Files\Sensors</Filter>
    </ClInclude>
    <ClInclude Include="SecureInput.h">
      <Filter>Source Files\Security</Filter>
    </ClInclude>
    <ClInclude Include="OverFlowChecker.h">
      <Filter>Source Files\Security</Filter>
    </ClInclude>
  </ItemGroup>
  <ItemGroup>
    <None Include="packages.config" />
    <None Include="ClassDiagram.cd" />
  </ItemGroup>
</Project>